
Microsoft Visual Studio Solution File, Format Version 12.00
# Visual Studio 15
VisualStudioVersion = 15.0.28307.168
MinimumVisualStudioVersion = 10.0.40219.1
Project("{FAE04EC0-301F-11D3-BF4B-00C04F79EFBC}") = "NancyDemo", "NancyDemo\NancyDemo.csproj", "{FDF3CA2D-85D8-45E4-ADBB-5017C70E1A71}"
EndProject
Global
	GlobalSection(SolutionConfigurationPlatforms) = preSolution
		Debug|Any CPU = Debug|Any CPU
		Release|Any CPU = Release|Any CPU
	EndGlobalSection
	GlobalSection(ProjectConfigurationPlatforms) = postSolution
		{FDF3CA2D-85D8-45E4-ADBB-5017C70E1A71}.Debug|Any CPU.ActiveCfg = Debug|Any CPU
		{FDF3CA2D-85D8-45E4-ADBB-5017C70E1A71}.Debug|Any CPU.Build.0 = Debug|Any CPU
		{FDF3CA2D-85D8-45E4-ADBB-5017C70E1A71}.Release|Any CPU.ActiveCfg = Release|Any CPU
		{FDF3CA2D-85D8-45E4-ADBB-5017C70E1A71}.Release|Any CPU.Build.0 = Release|Any CPU
	EndGlobalSection
	GlobalSection(SolutionProperties) = preSolution
		HideSolutionNode = FALSE
	EndGlobalSection
	GlobalSection(ExtensibilityGlobals) = postSolution
		SolutionGuid = {4FD5817E-1CA1-4268-8EDA-609AF3115544}
	EndGlobalSection
EndGlobal
